// !$*UTF8*$!
{
	archiveVersion = 1;
	classes = {
	};
	objectVersion = 56;
	objects = {

/* Begin PBXBuildFile section */
		C0ABBA17293113E900466076 /* AppDelegate.swift in Sources */ = {isa = PBXBuildFile; fileRef = C0ABBA16293113E900466076 /* AppDelegate.swift */; };
		C0ABBA19293113E900466076 /* SceneDelegate.swift in Sources */ = {isa = PBXBuildFile; fileRef = C0ABBA18293113E900466076 /* SceneDelegate.swift */; };
		C0ABBA1B293113E900466076 /* ViewController.swift in Sources */ = {isa = PBXBuildFile; fileRef = C0ABBA1A293113E900466076 /* ViewController.swift */; };
		C0ABBA1E293113E900466076 /* Main.storyboard in Resources */ = {isa = PBXBuildFile; fileRef = C0ABBA1C293113E900466076 /* Main.storyboard */; };
		C0ABBA20293113EC00466076 /* Assets.xcassets in Resources */ = {isa = PBXBuildFile; fileRef = C0ABBA1F293113EC00466076 /* Assets.xcassets */; };
		C0ABBA23293113EC00466076 /* LaunchScreen.storyboard in Resources */ = {isa = PBXBuildFile; fileRef = C0ABBA21293113EC00466076 /* LaunchScreen.storyboard */; };
		C0ABBA2E293113ED00466076 /* TP2Tests.swift in Sources */ = {isa = PBXBuildFile; fileRef = C0ABBA2D293113ED00466076 /* TP2Tests.swift */; };
		C0ABBA38293113ED00466076 /* TP2UITests.swift in Sources */ = {isa = PBXBuildFile; fileRef = C0ABBA37293113ED00466076 /* TP2UITests.swift */; };
		C0ABBA3A293113ED00466076 /* TP2UITestsLaunchTests.swift in Sources */ = {isa = PBXBuildFile; fileRef = C0ABBA39293113ED00466076 /* TP2UITestsLaunchTests.swift */; };
/* End PBXBuildFile section */

/* Begin PBXContainerItemProxy section */
		C0ABBA2A293113ED00466076 /* PBXContainerItemProxy */ = {
			isa = PBXContainerItemProxy;
			containerPortal = C0ABBA0B293113E900466076 /* Project object */;
			proxyType = 1;
			remoteGlobalIDString = C0ABBA12293113E900466076;
			remoteInfo = TP2;
		};
		C0ABBA34293113ED00466076 /* PBXContainerItemProxy */ = {
			isa = PBXContainerItemProxy;
			containerPortal = C0ABBA0B293113E900466076 /* Project object */;
			proxyType = 1;
			remoteGlobalIDString = C0ABBA12293113E900466076;
			remoteInfo = TP2;
		};
/* End PBXContainerItemProxy section */

/* Begin PBXFileReference section */
		C0ABBA13293113E900466076 /* TP2.app */ = {isa = PBXFileReference; explicitFileType = wrapper.application; includeInIndex = 0; path = TP2.app; sourceTree = BUILT_PRODUCTS_DIR; };
		C0ABBA16293113E900466076 /* AppDelegate.swift */ = {isa = PBXFileReference; lastKnownFileType = sourcecode.swift; path = AppDelegate.swift; sourceTree = "<group>"; };
		C0ABBA18293113E900466076 /* SceneDelegate.swift */ = {isa = PBXFileReference; lastKnownFileType = sourcecode.swift; path = SceneDelegate.swift; sourceTree = "<group>"; };
		C0ABBA1A293113E900466076 /* ViewController.swift */ = {isa = PBXFileReference; lastKnownFileType = sourcecode.swift; path = ViewController.swift; sourceTree = "<group>"; };
		C0ABBA1D293113E900466076 /* Base */ = {isa = PBXFileReference; lastKnownFileType = file.storyboard; name = Base; path = Base.lproj/Main.storyboard; sourceTree = "<group>"; };
		C0ABBA1F293113EC00466076 /* Assets.xcassets */ = {isa = PBXFileReference; lastKnownFileType = folder.assetcatalog; path = Assets.xcassets; sourceTree = "<group>"; };
		C0ABBA22293113EC00466076 /* Base */ = {isa = PBXFileReference; lastKnownFileType = file.storyboard; name = Base; path = Base.lproj/LaunchScreen.storyboard; sourceTree = "<group>"; };
		C0ABBA24293113EC00466076 /* Info.plist */ = {isa = PBXFileReference; lastKnownFileType = text.plist.xml; path = Info.plist; sourceTree = "<group>"; };
		C0ABBA29293113ED00466076 /* TP2Tests.xctest */ = {isa = PBXFileReference; explicitFileType = wrapper.cfbundle; includeInIndex = 0; path = TP2Tests.xctest; sourceTree = BUILT_PRODUCTS_DIR; };
		C0ABBA2D293113ED00466076 /* TP2Tests.swift */ = {isa = PBXFileReference; lastKnownFileType = sourcecode.swift; path = TP2Tests.swift; sourceTree = "<group>"; };
		C0ABBA33293113ED00466076 /* TP2UITests.xctest */ = {isa = PBXFileReference; explicitFileType = wrapper.cfbundle; includeInIndex = 0; path = TP2UITests.xctest; sourceTree = BUILT_PRODUCTS_DIR; };
		C0ABBA37293113ED00466076 /* TP2UITests.swift */ = {isa = PBXFileReference; lastKnownFileType = sourcecode.swift; path = TP2UITests.swift; sourceTree = "<group>"; };
		C0ABBA39293113ED00466076 /* TP2UITestsLaunchTests.swift */ = {isa = PBXFileReference; lastKnownFileType = sourcecode.swift; path = TP2UITestsLaunchTests.swift; sourceTree = "<group>"; };
/* End PBXFileReference section */

/* Begin PBXFrameworksBuildPhase section */
		C0ABBA10293113E900466076 /* Frameworks */ = {
			isa = PBXFrameworksBuildPhase;
			buildActionMask = 2147483647;
			files = (
			);
			runOnlyForDeploymentPostprocessing = 0;
		};
		C0ABBA26293113ED00466076 /* Frameworks */ = {
			isa = PBXFrameworksBuildPhase;
			buildActionMask = 2147483647;
			files = (
			);
			runOnlyForDeploymentPostprocessing = 0;
		};
		C0ABBA30293113ED00466076 /* Frameworks */ = {
			isa = PBXFrameworksBuildPhase;
			buildActionMask = 2147483647;
			files = (
			);
			runOnlyForDeploymentPostprocessing = 0;
		};
/* End PBXFrameworksBuildPhase section */

/* Begin PBXGroup section */
		C0ABBA0A293113E900466076 = {
			isa = PBXGroup;
			children = (
				C0ABBA15293113E900466076 /* TP2 */,
				C0ABBA2C293113ED00466076 /* TP2Tests */,
				C0ABBA36293113ED00466076 /* TP2UITests */,
				C0ABBA14293113E900466076 /* Products */,
			);
			sourceTree = "<group>";
		};
		C0ABBA14293113E900466076 /* Products */ = {
			isa = PBXGroup;
			children = (
				C0ABBA13293113E900466076 /* TP2.app */,
				C0ABBA29293113ED00466076 /* TP2Tests.xctest */,
				C0ABBA33293113ED00466076 /* TP2UITests.xctest */,
			);
			name = Products;
			sourceTree = "<group>";
		};
		C0ABBA15293113E900466076 /* TP2 */ = {
			isa = PBXGroup;
			children = (
				C0ABBA16293113E900466076 /* AppDelegate.swift */,
				C0ABBA18293113E900466076 /* SceneDelegate.swift */,
				C0ABBA1A293113E900466076 /* ViewController.swift */,
				C0ABBA1C293113E900466076 /* Main.storyboard */,
				C0ABBA1F293113EC00466076 /* Assets.xcassets */,
				C0ABBA21293113EC00466076 /* LaunchScreen.storyboard */,
				C0ABBA24293113EC00466076 /* Info.plist */,
			);
			path = TP2;
			sourceTree = "<group>";
		};
		C0ABBA2C293113ED00466076 /* TP2Tests */ = {
			isa = PBXGroup;
			children = (
				C0ABBA2D293113ED00466076 /* TP2Tests.swift */,
			);
			path = TP2Tests;
			sourceTree = "<group>";
		};
		C0ABBA36293113ED00466076 /* TP2UITests */ = {
			isa = PBXGroup;
			children = (
				C0ABBA37293113ED00466076 /* TP2UITests.swift */,
				C0ABBA39293113ED00466076 /* TP2UITestsLaunchTests.swift */,
			);
			path = TP2UITests;
			sourceTree = "<group>";
		};
/* End PBXGroup section */

/* Begin PBXNativeTarget section */
		C0ABBA12293113E900466076 /* TP2 */ = {
			isa = PBXNativeTarget;
			buildConfigurationList = C0ABBA3D293113ED00466076 /* Build configuration list for PBXNativeTarget "TP2" */;
			buildPhases = (
				C0ABBA0F293113E900466076 /* Sources */,
				C0ABBA10293113E900466076 /* Frameworks */,
				C0ABBA11293113E900466076 /* Resources */,
			);
			buildRules = (
			);
			dependencies = (
			);
			name = TP2;
			productName = TP2;
			productReference = C0ABBA13293113E900466076 /* TP2.app */;
			productType = "com.apple.product-type.application";
		};
		C0ABBA28293113ED00466076 /* TP2Tests */ = {
			isa = PBXNativeTarget;
			buildConfigurationList = C0ABBA40293113ED00466076 /* Build configuration list for PBXNativeTarget "TP2Tests" */;
			buildPhases = (
				C0ABBA25293113ED00466076 /* Sources */,
				C0ABBA26293113ED00466076 /* Frameworks */,
				C0ABBA27293113ED00466076 /* Resources */,
			);
			buildRules = (
			);
			dependencies = (
				C0ABBA2B293113ED00466076 /* PBXTargetDependency */,
			);
			name = TP2Tests;
			productName = TP2Tests;
			productReference = C0ABBA29293113ED00466076 /* TP2Tests.xctest */;
			productType = "com.apple.product-type.bundle.unit-test";
		};
		C0ABBA32293113ED00466076 /* TP2UITests */ = {
			isa = PBXNativeTarget;
			buildConfigurationList = C0ABBA43293113ED00466076 /* Build configuration list for PBXNativeTarget "TP2UITests" */;
			buildPhases = (
				C0ABBA2F293113ED00466076 /* Sources */,
				C0ABBA30293113ED00466076 /* Frameworks */,
				C0ABBA31293113ED00466076 /* Resources */,
			);
			buildRules = (
			);
			dependencies = (
				C0ABBA35293113ED00466076 /* PBXTargetDependency */,
			);
			name = TP2UITests;
			productName = TP2UITests;
			productReference = C0ABBA33293113ED00466076 /* TP2UITests.xctest */;
			productType = "com.apple.product-type.bundle.ui-testing";
		};
/* End PBXNativeTarget section */

/* Begin PBXProject section */
		C0ABBA0B293113E900466076 /* Project object */ = {
			isa = PBXProject;
			attributes = {
				BuildIndependentTargetsInParallel = 1;
				LastSwiftUpdateCheck = 1410;
				LastUpgradeCheck = 1410;
				TargetAttributes = {
					C0ABBA12293113E900466076 = {
						CreatedOnToolsVersion = 14.1;
					};
					C0ABBA28293113ED00466076 = {
						CreatedOnToolsVersion = 14.1;
						TestTargetID = C0ABBA12293113E900466076;
					};
					C0ABBA32293113ED00466076 = {
						CreatedOnToolsVersion = 14.1;
						TestTargetID = C0ABBA12293113E900466076;
					};
				};
			};
			buildConfigurationList = C0ABBA0E293113E900466076 /* Build configuration list for PBXProject "TP2" */;
			compatibilityVersion = "Xcode 14.0";
			developmentRegion = en;
			hasScannedForEncodings = 0;
			knownRegions = (
				en,
				Base,
			);
			mainGroup = C0ABBA0A293113E900466076;
			productRefGroup = C0ABBA14293113E900466076 /* Products */;
			projectDirPath = "";
			projectRoot = "";
			targets = (
				C0ABBA12293113E900466076 /* TP2 */,
				C0ABBA28293113ED00466076 /* TP2Tests */,
				C0ABBA32293113ED00466076 /* TP2UITests */,
			);
		};
/* End PBXProject section */

/* Begin PBXResourcesBuildPhase section */
		C0ABBA11293113E900466076 /* Resources */ = {
			isa = PBXResourcesBuildPhase;
			buildActionMask = 2147483647;
			files = (
				C0ABBA23293113EC00466076 /* LaunchScreen.storyboard in Resources */,
				C0ABBA20293113EC00466076 /* Assets.xcassets in Resources */,
				C0ABBA1E293113E900466076 /* Main.storyboard in Resources */,
			);
			runOnlyForDeploymentPostprocessing = 0;
		};
		C0ABBA27293113ED00466076 /* Resources */ = {
			isa = PBXResourcesBuildPhase;
			buildActionMask = 2147483647;
			files = (
			);
			runOnlyForDeploymentPostprocessing = 0;
		};
		C0ABBA31293113ED00466076 /* Resources */ = {
			isa = PBXResourcesBuildPhase;
			buildActionMask = 2147483647;
			files = (
			);
			runOnlyForDeploymentPostprocessing = 0;
		};
/* End PBXResourcesBuildPhase section */

/* Begin PBXSourcesBuildPhase section */
		C0ABBA0F293113E900466076 /* Sources */ = {
			isa = PBXSourcesBuildPhase;
			buildActionMask = 2147483647;
			files = (
				C0ABBA1B293113E900466076 /* ViewController.swift in Sources */,
				C0ABBA17293113E900466076 /* AppDelegate.swift in Sources */,
				C0ABBA19293113E900466076 /* SceneDelegate.swift in Sources */,
			);
			runOnlyForDeploymentPostprocessing = 0;
		};
		C0ABBA25293113ED00466076 /* Sources */ = {
			isa = PBXSourcesBuildPhase;
			buildActionMask = 2147483647;
			files = (
				C0ABBA2E293113ED00466076 /* TP2Tests.swift in Sources */,
			);
			runOnlyForDeploymentPostprocessing = 0;
		};
		C0ABBA2F293113ED00466076 /* Sources */ = {
			isa = PBXSourcesBuildPhase;
			buildActionMask = 2147483647;
			files = (
				C0ABBA38293113ED00466076 /* TP2UITests.swift in Sources */,
				C0ABBA3A293113ED00466076 /* TP2UITestsLaunchTests.swift in Sources */,
			);
			runOnlyForDeploymentPostprocessing = 0;
		};
/* End PBXSourcesBuildPhase section */

/* Begin PBXTargetDependency section */
		C0ABBA2B293113ED00466076 /* PBXTargetDependency */ = {
			isa = PBXTargetDependency;
			target = C0ABBA12293113E900466076 /* TP2 */;
			targetProxy = C0ABBA2A293113ED00466076 /* PBXContainerItemProxy */;
		};
		C0ABBA35293113ED00466076 /* PBXTargetDependency */ = {
			isa = PBXTargetDependency;
			target = C0ABBA12293113E900466076 /* TP2 */;
			targetProxy = C0ABBA34293113ED00466076 /* PBXContainerItemProxy */;
		};
/* End PBXTargetDependency section */

/* Begin PBXVariantGroup section */
		C0ABBA1C293113E900466076 /* Main.storyboard */ = {
			isa = PBXVariantGroup;
			children = (
				C0ABBA1D293113E900466076 /* Base */,
			);
			name = Main.storyboard;
			sourceTree = "<group>";
		};
		C0ABBA21293113EC00466076 /* LaunchScreen.storyboard */ = {
			isa = PBXVariantGroup;
			children = (
				C0ABBA22293113EC00466076 /* Base */,
			);
			name = LaunchScreen.storyboard;
			sourceTree = "<group>";
		};
/* End PBXVariantGroup section */

/* Begin XCBuildConfiguration section */
		C0ABBA3B293113ED00466076 /* Debug */ = {
			isa = XCBuildConfiguration;
			buildSettings = {
				ALWAYS_SEARCH_USER_PATHS = NO;
				CLANG_ANALYZER_NONNULL = YES;
				CLANG_ANALYZER_NUMBER_OBJECT_CONVERSION = YES_AGGRESSIVE;
				CLANG_CXX_LANGUAGE_STANDARD = "gnu++20";
				CLANG_ENABLE_MODULES = YES;
				CLANG_ENABLE_OBJC_ARC = YES;
				CLANG_ENABLE_OBJC_WEAK = YES;
				CLANG_WARN_BLOCK_CAPTURE_AUTORELEASING = YES;
				CLANG_WARN_BOOL_CONVERSION = YES;
				CLANG_WARN_COMMA = YES;
				CLANG_WARN_CONSTANT_CONVERSION = YES;
				CLANG_WARN_DEPRECATED_OBJC_IMPLEMENTATIONS = YES;
				CLANG_WARN_DIRECT_OBJC_ISA_USAGE = YES_ERROR;
				CLANG_WARN_DOCUMENTATION_COMMENTS = YES;
				CLANG_WARN_EMPTY_BODY = YES;
				CLANG_WARN_ENUM_CONVERSION = YES;
				CLANG_WARN_INFINITE_RECURSION = YES;
				CLANG_WARN_INT_CONVERSION = YES;
				CLANG_WARN_NON_LITERAL_NULL_CONVERSION = YES;
				CLANG_WARN_OBJC_IMPLICIT_RETAIN_SELF = YES;
				CLANG_WARN_OBJC_LITERAL_CONVERSION = YES;
				CLANG_WARN_OBJC_ROOT_CLASS = YES_ERROR;
				CLANG_WARN_QUOTED_INCLUDE_IN_FRAMEWORK_HEADER = YES;
				CLANG_WARN_RANGE_LOOP_ANALYSIS = YES;
				CLANG_WARN_STRICT_PROTOTYPES = YES;
				CLANG_WARN_SUSPICIOUS_MOVE = YES;
				CLANG_WARN_UNGUARDED_AVAILABILITY = YES_AGGRESSIVE;
				CLANG_WARN_UNREACHABLE_CODE = YES;
				CLANG_WARN__DUPLICATE_METHOD_MATCH = YES;
				COPY_PHASE_STRIP = NO;
				DEBUG_INFORMATION_FORMAT = dwarf;
				ENABLE_STRICT_OBJC_MSGSEND = YES;
				ENABLE_TESTABILITY = YES;
				GCC_C_LANGUAGE_STANDARD = gnu11;
				GCC_DYNAMIC_NO_PIC = NO;
				GCC_NO_COMMON_BLOCKS = YES;
				GCC_OPTIMIZATION_LEVEL = 0;
				GCC_PREPROCESSOR_DEFINITIONS = (
					"DEBUG=1",
					"$(inherited)",
				);
				GCC_WARN_64_TO_32_BIT_CONVERSION = YES;
				GCC_WARN_ABOUT_RETURN_TYPE = YES_ERROR;
				GCC_WARN_UNDECLARED_SELECTOR = YES;
				GCC_WARN_UNINITIALIZED_AUTOS = YES_AGGRESSIVE;
				GCC_WARN_UNUSED_FUNCTION = YES;
				GCC_WARN_UNUSED_VARIABLE = YES;
				IPHONEOS_DEPLOYMENT_TARGET = 16.1;
				MTL_ENABLE_DEBUG_INFO = INCLUDE_SOURCE;
				MTL_FAST_MATH = YES;
				ONLY_ACTIVE_ARCH = YES;
				SDKROOT = iphoneos;
				SWIFT_ACTIVE_COMPILATION_CONDITIONS = DEBUG;
				SWIFT_OPTIMIZATION_LEVEL = "-Onone";
			};
			name = Debug;
		};
		C0ABBA3C293113ED00466076 /* Release */ = {
			isa = XCBuildConfiguration;
			buildSettings = {
				ALWAYS_SEARCH_USER_PATHS = NO;
				CLANG_ANALYZER_NONNULL = YES;
				CLANG_ANALYZER_NUMBER_OBJECT_CONVERSION = YES_AGGRESSIVE;
				CLANG_CXX_LANGUAGE_STANDARD = "gnu++20";
				CLANG_ENABLE_MODULES = YES;
				CLANG_ENABLE_OBJC_ARC = YES;
				CLANG_ENABLE_OBJC_WEAK = YES;
				CLANG_WARN_BLOCK_CAPTURE_AUTORELEASING = YES;
				CLANG_WARN_BOOL_CONVERSION = YES;
				CLANG_WARN_COMMA = YES;
				CLANG_WARN_CONSTANT_CONVERSION = YES;
				CLANG_WARN_DEPRECATED_OBJC_IMPLEMENTATIONS = YES;
				CLANG_WARN_DIRECT_OBJC_ISA_USAGE = YES_ERROR;
				CLANG_WARN_DOCUMENTATION_COMMENTS = YES;
				CLANG_WARN_EMPTY_BODY = YES;
				CLANG_WARN_ENUM_CONVERSION = YES;
				CLANG_WARN_INFINITE_RECURSION = YES;
				CLANG_WARN_INT_CONVERSION = YES;
				CLANG_WARN_NON_LITERAL_NULL_CONVERSION = YES;
				CLANG_WARN_OBJC_IMPLICIT_RETAIN_SELF = YES;
				CLANG_WARN_OBJC_LITERAL_CONVERSION = YES;
				CLANG_WARN_OBJC_ROOT_CLASS = YES_ERROR;
				CLANG_WARN_QUOTED_INCLUDE_IN_FRAMEWORK_HEADER = YES;
				CLANG_WARN_RANGE_LOOP_ANALYSIS = YES;
				CLANG_WARN_STRICT_PROTOTYPES = YES;
				CLANG_WARN_SUSPICIOUS_MOVE = YES;
				CLANG_WARN_UNGUARDED_AVAILABILITY = YES_AGGRESSIVE;
				CLANG_WARN_UNREACHABLE_CODE = YES;
				CLANG_WARN__DUPLICATE_METHOD_MATCH = YES;
				COPY_PHASE_STRIP = NO;
				DEBUG_INFORMATION_FORMAT = "dwarf-with-dsym";
				ENABLE_NS_ASSERTIONS = NO;
				ENABLE_STRICT_OBJC_MSGSEND = YES;
				GCC_C_LANGUAGE_STANDARD = gnu11;
				GCC_NO_COMMON_BLOCKS = YES;
				GCC_WARN_64_TO_32_BIT_CONVERSION = YES;
				GCC_WARN_ABOUT_RETURN_TYPE = YES_ERROR;
				GCC_WARN_UNDECLARED_SELECTOR = YES;
				GCC_WARN_UNINITIALIZED_AUTOS = YES_AGGRESSIVE;
				GCC_WARN_UNUSED_FUNCTION = YES;
				GCC_WARN_UNUSED_VARIABLE = YES;
				IPHONEOS_DEPLOYMENT_TARGET = 16.1;
				MTL_ENABLE_DEBUG_INFO = NO;
				MTL_FAST_MATH = YES;
				SDKROOT = iphoneos;
				SWIFT_COMPILATION_MODE = wholemodule;
				SWIFT_OPTIMIZATION_LEVEL = "-O";
				VALIDATE_PRODUCT = YES;
			};
			name = Release;
		};
		C0ABBA3E293113ED00466076 /* Debug */ = {
			isa = XCBuildConfiguration;
			buildSettings = {
				ASSETCATALOG_COMPILER_APPICON_NAME = AppIcon;
				ASSETCATALOG_COMPILER_GLOBAL_ACCENT_COLOR_NAME = AccentColor;
				CODE_SIGN_STYLE = Automatic;
				CURRENT_PROJECT_VERSION = 1;
				GENERATE_INFOPLIST_FILE = YES;
				INFOPLIST_FILE = TP2/Info.plist;
				INFOPLIST_KEY_UIApplicationSupportsIndirectInputEvents = YES;
				INFOPLIST_KEY_UILaunchStoryboardName = LaunchScreen;
				INFOPLIST_KEY_UIMainStoryboardFile = Main;
				INFOPLIST_KEY_UISupportedInterfaceOrientations_iPad = "UIInterfaceOrientationPortrait UIInterfaceOrientationPortraitUpsideDown UIInterfaceOrientationLandscapeLeft UIInterfaceOrientationLandscapeRight";
				INFOPLIST_KEY_UISupportedInterfaceOrientations_iPhone = "UIInterfaceOrientationPortrait UIInterfaceOrientationLandscapeLeft UIInterfaceOrientationLandscapeRight";
				LD_RUNPATH_SEARCH_PATHS = (
					"$(inherited)",
					"@executable_path/Frameworks",
				);
				MARKETING_VERSION = 1.0;
				PRODUCT_BUNDLE_IDENTIFIER = "Nikolas-D-Amato.TP2";
				PRODUCT_NAME = "$(TARGET_NAME)";
				SWIFT_EMIT_LOC_STRINGS = YES;
				SWIFT_VERSION = 5.0;
				TARGETED_DEVICE_FAMILY = "1,2";
			};
			name = Debug;
		};
		C0ABBA3F293113ED00466076 /* Release */ = {
			isa = XCBuildConfiguration;
			buildSettings = {
				ASSETCATALOG_COMPILER_APPICON_NAME = AppIcon;
				ASSETCATALOG_COMPILER_GLOBAL_ACCENT_COLOR_NAME = AccentColor;
				CODE_SIGN_STYLE = Automatic;
				CURRENT_PROJECT_VERSION = 1;
				GENERATE_INFOPLIST_FILE = YES;
				INFOPLIST_FILE = TP2/Info.plist;
				INFOPLIST_KEY_UIApplicationSupportsIndirectInputEvents = YES;
				INFOPLIST_KEY_UILaunchStoryboardName = LaunchScreen;
				INFOPLIST_KEY_UIMainStoryboardFile = Main;
				INFOPLIST_KEY_UISupportedInterfaceOrientations_iPad = "UIInterfaceOrientationPortrait UIInterfaceOrientationPortraitUpsideDown UIInterfaceOrientationLandscapeLeft UIInterfaceOrientationLandscapeRight";
				INFOPLIST_KEY_UISupportedInterfaceOrientations_iPhone = "UIInterfaceOrientationPortrait UIInterfaceOrientationLandscapeLeft UIInterfaceOrientationLandscapeRight";
				LD_RUNPATH_SEARCH_PATHS = (
					"$(inherited)",
					"@executable_path/Frameworks",
				);
				MARKETING_VERSION = 1.0;
				PRODUCT_BUNDLE_IDENTIFIER = "Nikolas-D-Amato.TP2";
				PRODUCT_NAME = "$(TARGET_NAME)";
				SWIFT_EMIT_LOC_STRINGS = YES;
				SWIFT_VERSION = 5.0;
				TARGETED_DEVICE_FAMILY = "1,2";
			};
			name = Release;
		};
		C0ABBA41293113ED00466076 /* Debug */ = {
			isa = XCBuildConfiguration;
			buildSettings = {
				ALWAYS_EMBED_SWIFT_STANDARD_LIBRARIES = YES;
				BUNDLE_LOADER = "$(TEST_HOST)";
				CODE_SIGN_STYLE = Automatic;
				CURRENT_PROJECT_VERSION = 1;
				GENERATE_INFOPLIST_FILE = YES;
				IPHONEOS_DEPLOYMENT_TARGET = 16.1;
				MARKETING_VERSION = 1.0;
				PRODUCT_BUNDLE_IDENTIFIER = "Nikolas-D-Amato.TP2Tests";
				PRODUCT_NAME = "$(TARGET_NAME)";
				SWIFT_EMIT_LOC_STRINGS = NO;
				SWIFT_VERSION = 5.0;
				TARGETED_DEVICE_FAMILY = "1,2";
				TEST_HOST = "$(BUILT_PRODUCTS_DIR)/TP2.app/$(BUNDLE_EXECUTABLE_FOLDER_PATH)/TP2";
			};
			name = Debug;
		};
		C0ABBA42293113ED00466076 /* Release */ = {
			isa = XCBuildConfiguration;
			buildSettings = {
				ALWAYS_EMBED_SWIFT_STANDARD_LIBRARIES = YES;
				BUNDLE_LOADER = "$(TEST_HOST)";
				CODE_SIGN_STYLE = Automatic;
				CURRENT_PROJECT_VERSION = 1;
				GENERATE_INFOPLIST_FILE = YES;
				IPHONEOS_DEPLOYMENT_TARGET = 16.1;
				MARKETING_VERSION = 1.0;
				PRODUCT_BUNDLE_IDENTIFIER = "Nikolas-D-Amato.TP2Tests";
				PRODUCT_NAME = "$(TARGET_NAME)";
				SWIFT_EMIT_LOC_STRINGS = NO;
				SWIFT_VERSION = 5.0;
				TARGETED_DEVICE_FAMILY = "1,2";
				TEST_HOST = "$(BUILT_PRODUCTS_DIR)/TP2.app/$(BUNDLE_EXECUTABLE_FOLDER_PATH)/TP2";
			};
			name = Release;
		};
		C0ABBA44293113ED00466076 /* Debug */ = {
			isa = XCBuildConfiguration;
			buildSettings = {
				ALWAYS_EMBED_SWIFT_STANDARD_LIBRARIES = YES;
				CODE_SIGN_STYLE = Automatic;
				CURRENT_PROJECT_VERSION = 1;
				GENERATE_INFOPLIST_FILE = YES;
				MARKETING_VERSION = 1.0;
				PRODUCT_BUNDLE_IDENTIFIER = "Nikolas-D-Amato.TP2UITests";
				PRODUCT_NAME = "$(TARGET_NAME)";
				SWIFT_EMIT_LOC_STRINGS = NO;
				SWIFT_VERSION = 5.0;
				TARGETED_DEVICE_FAMILY = "1,2";
				TEST_TARGET_NAME = TP2;
			};
			name = Debug;
		};
		C0ABBA45293113ED00466076 /* Release */ = {
			isa = XCBuildConfiguration;
			buildSettings = {
				ALWAYS_EMBED_SWIFT_STANDARD_LIBRARIES = YES;
				CODE_SIGN_STYLE = Automatic;
				CURRENT_PROJECT_VERSION = 1;
				GENERATE_INFOPLIST_FILE = YES;
				MARKETING_VERSION = 1.0;
				PRODUCT_BUNDLE_IDENTIFIER = "Nikolas-D-Amato.TP2UITests";
				PRODUCT_NAME = "$(TARGET_NAME)";
				SWIFT_EMIT_LOC_STRINGS = NO;
				SWIFT_VERSION = 5.0;
				TARGETED_DEVICE_FAMILY = "1,2";
				TEST_TARGET_NAME = TP2;
			};
			name = Release;
		};
/* End XCBuildConfiguration section */

/* Begin XCConfigurationList section */
		C0ABBA0E293113E900466076 /* Build configuration list for PBXProject "TP2" */ = {
			isa = XCConfigurationList;
			buildConfigurations = (
				C0ABBA3B293113ED00466076 /* Debug */,
				C0ABBA3C293113ED00466076 /* Release */,
			);
			defaultConfigurationIsVisible = 0;
			defaultConfigurationName = Release;
		};
		C0ABBA3D293113ED00466076 /* Build configuration list for PBXNativeTarget "TP2" */ = {
			isa = XCConfigurationList;
			buildConfigurations = (
				C0ABBA3E293113ED00466076 /* Debug */,
				C0ABBA3F293113ED00466076 /* Release */,
			);
			defaultConfigurationIsVisible = 0;
			defaultConfigurationName = Release;
		};
		C0ABBA40293113ED00466076 /* Build configuration list for PBXNativeTarget "TP2Tests" */ = {
			isa = XCConfigurationList;
			buildConfigurations = (
				C0ABBA41293113ED00466076 /* Debug */,
				C0ABBA42293113ED00466076 /* Release */,
			);
			defaultConfigurationIsVisible = 0;
			defaultConfigurationName = Release;
		};
		C0ABBA43293113ED00466076 /* Build configuration list for PBXNativeTarget "TP2UITests" */ = {
			isa = XCConfigurationList;
			buildConfigurations = (
				C0ABBA44293113ED00466076 /* Debug */,
				C0ABBA45293113ED00466076 /* Release */,
			);
			defaultConfigurationIsVisible = 0;
			defaultConfigurationName = Release;
		};
/* End XCConfigurationList section */
	};
	rootObject = C0ABBA0B293113E900466076 /* Project object */;
}
